// !$*UTF8*$!
{
	archiveVersion = 1;
	classes = {
	};
	objectVersion = 48;
	objects = {

/* Begin PBXBuildFile section */
		196900AD1FC0CCA6005B136F /* PhotoDetailsViewController.swift in Sources */ = {isa = PBXBuildFile; fileRef = 196900AC1FC0CCA6005B136F /* PhotoDetailsViewController.swift */; };
		19A3BEA11FBFDF00005F5202 /* AppDelegate.swift in Sources */ = {isa = PBXBuildFile; fileRef = 19A3BEA01FBFDF00005F5202 /* AppDelegate.swift */; };
		19A3BEA61FBFDF00005F5202 /* Main.storyboard in Resources */ = {isa = PBXBuildFile; fileRef = 19A3BEA41FBFDF00005F5202 /* Main.storyboard */; };
		19A3BEA81FBFDF00005F5202 /* Assets.xcassets in Resources */ = {isa = PBXBuildFile; fileRef = 19A3BEA71FBFDF00005F5202 /* Assets.xcassets */; };
		19A3BEAB1FBFDF00005F5202 /* LaunchScreen.storyboard in Resources */ = {isa = PBXBuildFile; fileRef = 19A3BEA91FBFDF00005F5202 /* LaunchScreen.storyboard */; };
		19A3BEB61FBFDF00005F5202 /* tumblrTests.swift in Sources */ = {isa = PBXBuildFile; fileRef = 19A3BEB51FBFDF00005F5202 /* tumblrTests.swift */; };
		19A3BEC11FBFDF00005F5202 /* tumblrUITests.swift in Sources */ = {isa = PBXBuildFile; fileRef = 19A3BEC01FBFDF00005F5202 /* tumblrUITests.swift */; };
		19A3BECF1FBFE6E5005F5202 /* PhotosViewController.swift in Sources */ = {isa = PBXBuildFile; fileRef = 19A3BECE1FBFE6E5005F5202 /* PhotosViewController.swift */; };
		19A3BED51FBFF0B5005F5202 /* tumblrTableViewCell.swift in Sources */ = {isa = PBXBuildFile; fileRef = 19A3BED41FBFF0B5005F5202 /* tumblrTableViewCell.swift */; };
		A2FAB7189799EDB430DA39FB /* Pods_tumblrUITests.framework in Frameworks */ = {isa = PBXBuildFile; fileRef = FB5690A15F8A79C3F5BD17D7 /* Pods_tumblrUITests.framework */; };
		CA763A59998EE770302B1C20 /* Pods_tumblr.framework in Frameworks */ = {isa = PBXBuildFile; fileRef = 6F07F57A4064E9805610BC85 /* Pods_tumblr.framework */; };
		F988234DF5301E201CC60C82 /* Pods_tumblrTests.framework in Frameworks */ = {isa = PBXBuildFile; fileRef = 658D2B087D7ED4AE1763B899 /* Pods_tumblrTests.framework */; };
/* End PBXBuildFile section */

/* Begin PBXContainerItemProxy section */
		19A3BEB21FBFDF00005F5202 /* PBXContainerItemProxy */ = {
			isa = PBXContainerItemProxy;
			containerPortal = 19A3BE951FBFDF00005F5202 /* Project object */;
			proxyType = 1;
			remoteGlobalIDString = 19A3BE9C1FBFDF00005F5202;
			remoteInfo = tumblr;
		};
		19A3BEBD1FBFDF00005F5202 /* PBXContainerItemProxy */ = {
			isa = PBXContainerItemProxy;
			containerPortal = 19A3BE951FBFDF00005F5202 /* Project object */;
			proxyType = 1;
			remoteGlobalIDString = 19A3BE9C1FBFDF00005F5202;
			remoteInfo = tumblr;
		};
/* End PBXContainerItemProxy section */

/* Begin PBXFileReference section */
		196900AC1FC0CCA6005B136F /* PhotoDetailsViewController.swift */ = {isa = PBXFileReference; lastKnownFileType = sourcecode.swift; path = PhotoDetailsViewController.swift; sourceTree = "<group>"; };
		19A3BE9D1FBFDF00005F5202 /* tumblr.app */ = {isa = PBXFileReference; explicitFileType = wrapper.application; includeInIndex = 0; path = tumblr.app; sourceTree = BUILT_PRODUCTS_DIR; };
		19A3BEA01FBFDF00005F5202 /* AppDelegate.swift */ = {isa = PBXFileReference; lastKnownFileType = sourcecode.swift; path = AppDelegate.swift; sourceTree = "<group>"; };
		19A3BEA51FBFDF00005F5202 /* Base */ = {isa = PBXFileReference; lastKnownFileType = file.storyboard; name = Base; path = Base.lproj/Main.storyboard; sourceTree = "<group>"; };
		19A3BEA71FBFDF00005F5202 /* Assets.xcassets */ = {isa = PBXFileReference; lastKnownFileType = folder.assetcatalog; path = Assets.xcassets; sourceTree = "<group>"; };
		19A3BEAA1FBFDF00005F5202 /* Base */ = {isa = PBXFileReference; lastKnownFileType = file.storyboard; name = Base; path = Base.lproj/LaunchScreen.storyboard; sourceTree = "<group>"; };
		19A3BEAC1FBFDF00005F5202 /* Info.plist */ = {isa = PBXFileReference; lastKnownFileType = text.plist.xml; path = Info.plist; sourceTree = "<group>"; };
		19A3BEB11FBFDF00005F5202 /* tumblrTests.xctest */ = {isa = PBXFileReference; explicitFileType = wrapper.cfbundle; includeInIndex = 0; path = tumblrTests.xctest; sourceTree = BUILT_PRODUCTS_DIR; };
		19A3BEB51FBFDF00005F5202 /* tumblrTests.swift */ = {isa = PBXFileReference; lastKnownFileType = sourcecode.swift; path = tumblrTests.swift; sourceTree = "<group>"; };
		19A3BEB71FBFDF00005F5202 /* Info.plist */ = {isa = PBXFileReference; lastKnownFileType = text.plist.xml; path = Info.plist; sourceTree = "<group>"; };
		19A3BEBC1FBFDF00005F5202 /* tumblrUITests.xctest */ = {isa = PBXFileReference; explicitFileType = wrapper.cfbundle; includeInIndex = 0; path = tumblrUITests.xctest; sourceTree = BUILT_PRODUCTS_DIR; };
		19A3BEC01FBFDF00005F5202 /* tumblrUITests.swift */ = {isa = PBXFileReference; lastKnownFileType = sourcecode.swift; path = tumblrUITests.swift; sourceTree = "<group>"; };
		19A3BEC21FBFDF00005F5202 /* Info.plist */ = {isa = PBXFileReference; lastKnownFileType = text.plist.xml; path = Info.plist; sourceTree = "<group>"; };
		19A3BECE1FBFE6E5005F5202 /* PhotosViewController.swift */ = {isa = PBXFileReference; lastKnownFileType = sourcecode.swift; path = PhotosViewController.swift; sourceTree = "<group>"; };
		19A3BED41FBFF0B5005F5202 /* tumblrTableViewCell.swift */ = {isa = PBXFileReference; lastKnownFileType = sourcecode.swift; path = tumblrTableViewCell.swift; sourceTree = "<group>"; };
		2399A011E3F58E8B9EEDCBC0 /* Pods-tumblrTests.debug.xcconfig */ = {isa = PBXFileReference; includeInIndex = 1; lastKnownFileType = text.xcconfig; name = "Pods-tumblrTests.debug.xcconfig"; path = "Pods/Target Support Files/Pods-tumblrTests/Pods-tumblrTests.debug.xcconfig"; sourceTree = "<group>"; };
		2A93DFA4517F29D857E36915 /* Pods-tumblrUITests.release.xcconfig */ = {isa = PBXFileReference; includeInIndex = 1; lastKnownFileType = text.xcconfig; name = "Pods-tumblrUITests.release.xcconfig"; path = "Pods/Target Support Files/Pods-tumblrUITests/Pods-tumblrUITests.release.xcconfig"; sourceTree = "<group>"; };
		658D2B087D7ED4AE1763B899 /* Pods_tumblrTests.framework */ = {isa = PBXFileReference; explicitFileType = wrapper.framework; includeInIndex = 0; path = Pods_tumblrTests.framework; sourceTree = BUILT_PRODUCTS_DIR; };
		6F07F57A4064E9805610BC85 /* Pods_tumblr.framework */ = {isa = PBXFileReference; explicitFileType = wrapper.framework; includeInIndex = 0; path = Pods_tumblr.framework; sourceTree = BUILT_PRODUCTS_DIR; };
		70A2A60EB944EB3E4723AC9D /* Pods-tumblr.debug.xcconfig */ = {isa = PBXFileReference; includeInIndex = 1; lastKnownFileType = text.xcconfig; name = "Pods-tumblr.debug.xcconfig"; path = "Pods/Target Support Files/Pods-tumblr/Pods-tumblr.debug.xcconfig"; sourceTree = "<group>"; };
		80349B763CB57014587666FB /* Pods-tumblrUITests.debug.xcconfig */ = {isa = PBXFileReference; includeInIndex = 1; lastKnownFileType = text.xcconfig; name = "Pods-tumblrUITests.debug.xcconfig"; path = "Pods/Target Support Files/Pods-tumblrUITests/Pods-tumblrUITests.debug.xcconfig"; sourceTree = "<group>"; };
		ABF76C392018514DBE8DB345 /* Pods-tumblr.release.xcconfig */ = {isa = PBXFileReference; includeInIndex = 1; lastKnownFileType = text.xcconfig; name = "Pods-tumblr.release.xcconfig"; path = "Pods/Target Support Files/Pods-tumblr/Pods-tumblr.release.xcconfig"; sourceTree = "<group>"; };
		E2906EA6FFF2B2209987C3F1 /* Pods-tumblrTests.release.xcconfig */ = {isa = PBXFileReference; includeInIndex = 1; lastKnownFileType = text.xcconfig; name = "Pods-tumblrTests.release.xcconfig"; path = "Pods/Target Support Files/Pods-tumblrTests/Pods-tumblrTests.release.xcconfig"; sourceTree = "<group>"; };
		FB5690A15F8A79C3F5BD17D7 /* Pods_tumblrUITests.framework */ = {isa = PBXFileReference; explicitFileType = wrapper.framework; includeInIndex = 0; path = Pods_tumblrUITests.framework; sourceTree = BUILT_PRODUCTS_DIR; };
/* End PBXFileReference section */

/* Begin PBXFrameworksBuildPhase section */
		19A3BE9A1FBFDF00005F5202 /* Frameworks */ = {
			isa = PBXFrameworksBuildPhase;
			buildActionMask = 2147483647;
			files = (
				CA763A59998EE770302B1C20 /* Pods_tumblr.framework in Frameworks */,
			);
			runOnlyForDeploymentPostprocessing = 0;
		};
		19A3BEAE1FBFDF00005F5202 /* Frameworks */ = {
			isa = PBXFrameworksBuildPhase;
			buildActionMask = 2147483647;
			files = (
				F988234DF5301E201CC60C82 /* Pods_tumblrTests.framework in Frameworks */,
			);
			runOnlyForDeploymentPostprocessing = 0;
		};
		19A3BEB91FBFDF00005F5202 /* Frameworks */ = {
			isa = PBXFrameworksBuildPhase;
			buildActionMask = 2147483647;
			files = (
				A2FAB7189799EDB430DA39FB /* Pods_tumblrUITests.framework in Frameworks */,
			);
			runOnlyForDeploymentPostprocessing = 0;
		};
/* End PBXFrameworksBuildPhase section */

/* Begin PBXGroup section */
		19A3BE941FBFDF00005F5202 = {
			isa = PBXGroup;
			children = (
				19A3BE9F1FBFDF00005F5202 /* tumblr */,
				19A3BEB41FBFDF00005F5202 /* tumblrTests */,
				19A3BEBF1FBFDF00005F5202 /* tumblrUITests */,
				19A3BE9E1FBFDF00005F5202 /* Products */,
				92725B91742424B32DF42B11 /* Pods */,
				AC61D2CCB19A13EB21BE7D52 /* Frameworks */,
			);
			sourceTree = "<group>";
		};
		19A3BE9E1FBFDF00005F5202 /* Products */ = {
			isa = PBXGroup;
			children = (
				19A3BE9D1FBFDF00005F5202 /* tumblr.app */,
				19A3BEB11FBFDF00005F5202 /* tumblrTests.xctest */,
				19A3BEBC1FBFDF00005F5202 /* tumblrUITests.xctest */,
			);
			name = Products;
			sourceTree = "<group>";
		};
		19A3BE9F1FBFDF00005F5202 /* tumblr */ = {
			isa = PBXGroup;
			children = (
				19A3BEA01FBFDF00005F5202 /* AppDelegate.swift */,
				19A3BEA41FBFDF00005F5202 /* Main.storyboard */,
				19A3BECE1FBFE6E5005F5202 /* PhotosViewController.swift */,
				19A3BEA71FBFDF00005F5202 /* Assets.xcassets */,
				19A3BEA91FBFDF00005F5202 /* LaunchScreen.storyboard */,
				19A3BEAC1FBFDF00005F5202 /* Info.plist */,
				19A3BED41FBFF0B5005F5202 /* tumblrTableViewCell.swift */,
				196900AC1FC0CCA6005B136F /* PhotoDetailsViewController.swift */,
			);
			path = tumblr;
			sourceTree = "<group>";
		};
		19A3BEB41FBFDF00005F5202 /* tumblrTests */ = {
			isa = PBXGroup;
			children = (
				19A3BEB51FBFDF00005F5202 /* tumblrTests.swift */,
				19A3BEB71FBFDF00005F5202 /* Info.plist */,
			);
			path = tumblrTests;
			sourceTree = "<group>";
		};
		19A3BEBF1FBFDF00005F5202 /* tumblrUITests */ = {
			isa = PBXGroup;
			children = (
				19A3BEC01FBFDF00005F5202 /* tumblrUITests.swift */,
				19A3BEC21FBFDF00005F5202 /* Info.plist */,
			);
			path = tumblrUITests;
			sourceTree = "<group>";
		};
		92725B91742424B32DF42B11 /* Pods */ = {
			isa = PBXGroup;
			children = (
				70A2A60EB944EB3E4723AC9D /* Pods-tumblr.debug.xcconfig */,
				ABF76C392018514DBE8DB345 /* Pods-tumblr.release.xcconfig */,
				2399A011E3F58E8B9EEDCBC0 /* Pods-tumblrTests.debug.xcconfig */,
				E2906EA6FFF2B2209987C3F1 /* Pods-tumblrTests.release.xcconfig */,
				80349B763CB57014587666FB /* Pods-tumblrUITests.debug.xcconfig */,
				2A93DFA4517F29D857E36915 /* Pods-tumblrUITests.release.xcconfig */,
			);
			name = Pods;
			sourceTree = "<group>";
		};
		AC61D2CCB19A13EB21BE7D52 /* Frameworks */ = {
			isa = PBXGroup;
			children = (
				6F07F57A4064E9805610BC85 /* Pods_tumblr.framework */,
				658D2B087D7ED4AE1763B899 /* Pods_tumblrTests.framework */,
				FB5690A15F8A79C3F5BD17D7 /* Pods_tumblrUITests.framework */,
			);
			name = Frameworks;
			sourceTree = "<group>";
		};
/* End PBXGroup section */

/* Begin PBXNativeTarget section */
		19A3BE9C1FBFDF00005F5202 /* tumblr */ = {
			isa = PBXNativeTarget;
			buildConfigurationList = 19A3BEC51FBFDF00005F5202 /* Build configuration list for PBXNativeTarget "tumblr" */;
			buildPhases = (
				3A58DAB841ACA1BEE057847D /* [CP] Check Pods Manifest.lock */,
				19A3BE991FBFDF00005F5202 /* Sources */,
				19A3BE9A1FBFDF00005F5202 /* Frameworks */,
				19A3BE9B1FBFDF00005F5202 /* Resources */,
				9ECD8B7A599518599AC72C91 /* [CP] Embed Pods Frameworks */,
				F382A7C0579DE4718D2F2BC1 /* [CP] Copy Pods Resources */,
			);
			buildRules = (
			);
			dependencies = (
			);
			name = tumblr;
			productName = tumblr;
			productReference = 19A3BE9D1FBFDF00005F5202 /* tumblr.app */;
			productType = "com.apple.product-type.application";
		};
		19A3BEB01FBFDF00005F5202 /* tumblrTests */ = {
			isa = PBXNativeTarget;
			buildConfigurationList = 19A3BEC81FBFDF00005F5202 /* Build configuration list for PBXNativeTarget "tumblrTests" */;
			buildPhases = (
				16D6294CFC0B14127E225CC4 /* [CP] Check Pods Manifest.lock */,
				19A3BEAD1FBFDF00005F5202 /* Sources */,
				19A3BEAE1FBFDF00005F5202 /* Frameworks */,
				19A3BEAF1FBFDF00005F5202 /* Resources */,
				7D2DBAD87CD1112156F267E6 /* [CP] Embed Pods Frameworks */,
				CB35F48701CE44418374E9F3 /* [CP] Copy Pods Resources */,
			);
			buildRules = (
			);
			dependencies = (
				19A3BEB31FBFDF00005F5202 /* PBXTargetDependency */,
			);
			name = tumblrTests;
			productName = tumblrTests;
			productReference = 19A3BEB11FBFDF00005F5202 /* tumblrTests.xctest */;
			productType = "com.apple.product-type.bundle.unit-test";
		};
		19A3BEBB1FBFDF00005F5202 /* tumblrUITests */ = {
			isa = PBXNativeTarget;
			buildConfigurationList = 19A3BECB1FBFDF00005F5202 /* Build configuration list for PBXNativeTarget "tumblrUITests" */;
			buildPhases = (
				8CBBDB68B8908E889B952F35 /* [CP] Check Pods Manifest.lock */,
				19A3BEB81FBFDF00005F5202 /* Sources */,
				19A3BEB91FBFDF00005F5202 /* Frameworks */,
				19A3BEBA1FBFDF00005F5202 /* Resources */,
				EFDF4572A8919047FD7F22C8 /* [CP] Embed Pods Frameworks */,
				6F91EA167260E41786C8A171 /* [CP] Copy Pods Resources */,
			);
			buildRules = (
			);
			dependencies = (
				19A3BEBE1FBFDF00005F5202 /* PBXTargetDependency */,
			);
			name = tumblrUITests;
			productName = tumblrUITests;
			productReference = 19A3BEBC1FBFDF00005F5202 /* tumblrUITests.xctest */;
			productType = "com.apple.product-type.bundle.ui-testing";
		};
/* End PBXNativeTarget section */

/* Begin PBXProject section */
		19A3BE951FBFDF00005F5202 /* Project object */ = {
			isa = PBXProject;
			attributes = {
				LastSwiftUpdateCheck = 0910;
				LastUpgradeCheck = 0910;
				ORGANIZATIONNAME = "Malvern Madondo";
				TargetAttributes = {
					19A3BE9C1FBFDF00005F5202 = {
						CreatedOnToolsVersion = 9.1;
						ProvisioningStyle = Automatic;
					};
					19A3BEB01FBFDF00005F5202 = {
						CreatedOnToolsVersion = 9.1;
						ProvisioningStyle = Automatic;
						TestTargetID = 19A3BE9C1FBFDF00005F5202;
					};
					19A3BEBB1FBFDF00005F5202 = {
						CreatedOnToolsVersion = 9.1;
						ProvisioningStyle = Automatic;
						TestTargetID = 19A3BE9C1FBFDF00005F5202;
					};
				};
			};
			buildConfigurationList = 19A3BE981FBFDF00005F5202 /* Build configuration list for PBXProject "tumblr" */;
			compatibilityVersion = "Xcode 8.0";
			developmentRegion = en;
			hasScannedForEncodings = 0;
			knownRegions = (
				en,
				Base,
			);
			mainGroup = 19A3BE941FBFDF00005F5202;
			productRefGroup = 19A3BE9E1FBFDF00005F5202 /* Products */;
			projectDirPath = "";
			projectRoot = "";
			targets = (
				19A3BE9C1FBFDF00005F5202 /* tumblr */,
				19A3BEB01FBFDF00005F5202 /* tumblrTests */,
				19A3BEBB1FBFDF00005F5202 /* tumblrUITests */,
			);
		};
/* End PBXProject section */

/* Begin PBXResourcesBuildPhase section */
		19A3BE9B1FBFDF00005F5202 /* Resources */ = {
			isa = PBXResourcesBuildPhase;
			buildActionMask = 2147483647;
			files = (
				19A3BEAB1FBFDF00005F5202 /* LaunchScreen.storyboard in Resources */,
				19A3BEA81FBFDF00005F5202 /* Assets.xcassets in Resources */,
				19A3BEA61FBFDF00005F5202 /* Main.storyboard in Resources */,
			);
			runOnlyForDeploymentPostprocessing = 0;
		};
		19A3BEAF1FBFDF00005F5202 /* Resources */ = {
			isa = PBXResourcesBuildPhase;
			buildActionMask = 2147483647;
			files = (
			);
			runOnlyForDeploymentPostprocessing = 0;
		};
		19A3BEBA1FBFDF00005F5202 /* Resources */ = {
			isa = PBXResourcesBuildPhase;
			buildActionMask = 2147483647;
			files = (
			);
			runOnlyForDeploymentPostprocessing = 0;
		};
/* End PBXResourcesBuildPhase section */

/* Begin PBXShellScriptBuildPhase section */
		16D6294CFC0B14127E225CC4 /* [CP] Check Pods Manifest.lock */ = {
			isa = PBXShellScriptBuildPhase;
			buildActionMask = 2147483647;
			files = (
			);
			inputPaths = (
				"${PODS_PODFILE_DIR_PATH}/Podfile.lock",
				"${PODS_ROOT}/Manifest.lock",
			);
			name = "[CP] Check Pods Manifest.lock";
			outputPaths = (
				"$(DERIVED_FILE_DIR)/Pods-tumblrTests-checkManifestLockResult.txt",
			);
			runOnlyForDeploymentPostprocessing = 0;
			shellPath = /bin/sh;
			shellScript = "diff \"${PODS_PODFILE_DIR_PATH}/Podfile.lock\" \"${PODS_ROOT}/Manifest.lock\" > /dev/null\nif [ $? != 0 ] ; then\n    # print error to STDERR\n    echo \"error: The sandbox is not in sync with the Podfile.lock. Run 'pod install' or update your CocoaPods installation.\" >&2\n    exit 1\nfi\n# This output is used by Xcode 'outputs' to avoid re-running this script phase.\necho \"SUCCESS\" > \"${SCRIPT_OUTPUT_FILE_0}\"\n";
			showEnvVarsInLog = 0;
		};
		3A58DAB841ACA1BEE057847D /* [CP] Check Pods Manifest.lock */ = {
			isa = PBXShellScriptBuildPhase;
			buildActionMask = 2147483647;
			files = (
			);
			inputPaths = (
				"${PODS_PODFILE_DIR_PATH}/Podfile.lock",
				"${PODS_ROOT}/Manifest.lock",
			);
			name = "[CP] Check Pods Manifest.lock";
			outputPaths = (
				"$(DERIVED_FILE_DIR)/Pods-tumblr-checkManifestLockResult.txt",
			);
			runOnlyForDeploymentPostprocessing = 0;
			shellPath = /bin/sh;
			shellScript = "diff \"${PODS_PODFILE_DIR_PATH}/Podfile.lock\" \"${PODS_ROOT}/Manifest.lock\" > /dev/null\nif [ $? != 0 ] ; then\n    # print error to STDERR\n    echo \"error: The sandbox is not in sync with the Podfile.lock. Run 'pod install' or update your CocoaPods installation.\" >&2\n    exit 1\nfi\n# This output is used by Xcode 'outputs' to avoid re-running this script phase.\necho \"SUCCESS\" > \"${SCRIPT_OUTPUT_FILE_0}\"\n";
			showEnvVarsInLog = 0;
		};
		6F91EA167260E41786C8A171 /* [CP] Copy Pods Resources */ = {
			isa = PBXShellScriptBuildPhase;
			buildActionMask = 2147483647;
			files = (
			);
			inputPaths = (
			);
			name = "[CP] Copy Pods Resources";
			outputPaths = (
			);
			runOnlyForDeploymentPostprocessing = 0;
			shellPath = /bin/sh;
			shellScript = "\"${SRCROOT}/Pods/Target Support Files/Pods-tumblrUITests/Pods-tumblrUITests-resources.sh\"\n";
			showEnvVarsInLog = 0;
		};
		7D2DBAD87CD1112156F267E6 /* [CP] Embed Pods Frameworks */ = {
			isa = PBXShellScriptBuildPhase;
			buildActionMask = 2147483647;
			files = (
			);
			inputPaths = (
			);
			name = "[CP] Embed Pods Frameworks";
			outputPaths = (
			);
			runOnlyForDeploymentPostprocessing = 0;
			shellPath = /bin/sh;
			shellScript = "\"${SRCROOT}/Pods/Target Support Files/Pods-tumblrTests/Pods-tumblrTests-frameworks.sh\"\n";
			showEnvVarsInLog = 0;
		};
		8CBBDB68B8908E889B952F35 /* [CP] Check Pods Manifest.lock */ = {
			isa = PBXShellScriptBuildPhase;
			buildActionMask = 2147483647;
			files = (
			);
			inputPaths = (
				"${PODS_PODFILE_DIR_PATH}/Podfile.lock",
				"${PODS_ROOT}/Manifest.lock",
			);
			name = "[CP] Check Pods Manifest.lock";
			outputPaths = (
				"$(DERIVED_FILE_DIR)/Pods-tumblrUITests-checkManifestLockResult.txt",
			);
			runOnlyForDeploymentPostprocessing = 0;
			shellPath = /bin/sh;
			shellScript = "diff \"${PODS_PODFILE_DIR_PATH}/Podfile.lock\" \"${PODS_ROOT}/Manifest.lock\" > /dev/null\nif [ $? != 0 ] ; then\n    # print error to STDERR\n    echo \"error: The sandbox is not in sync with the Podfile.lock. Run 'pod install' or update your CocoaPods installation.\" >&2\n    exit 1\nfi\n# This output is used by Xcode 'outputs' to avoid re-running this script phase.\necho \"SUCCESS\" > \"${SCRIPT_OUTPUT_FILE_0}\"\n";
			showEnvVarsInLog = 0;
		};
		9ECD8B7A599518599AC72C91 /* [CP] Embed Pods Frameworks */ = {
			isa = PBXShellScriptBuildPhase;
			buildActionMask = 2147483647;
			files = (
			);
			inputPaths = (
				"${SRCROOT}/Pods/Target Support Files/Pods-tumblr/Pods-tumblr-frameworks.sh",
				"${BUILT_PRODUCTS_DIR}/Alamofire/Alamofire.framework",
				"${BUILT_PRODUCTS_DIR}/AlamofireImage/AlamofireImage.framework",
			);
			name = "[CP] Embed Pods Frameworks";
			outputPaths = (
				"${TARGET_BUILD_DIR}/${FRAMEWORKS_FOLDER_PATH}/Alamofire.framework",
				"${TARGET_BUILD_DIR}/${FRAMEWORKS_FOLDER_PATH}/AlamofireImage.framework",
			);
			runOnlyForDeploymentPostprocessing = 0;
			shellPath = /bin/sh;
			shellScript = "\"${SRCROOT}/Pods/Target Support Files/Pods-tumblr/Pods-tumblr-frameworks.sh\"\n";
			showEnvVarsInLog = 0;
		};
		CB35F48701CE44418374E9F3 /* [CP] Copy Pods Resources */ = {
			isa = PBXShellScriptBuildPhase;
			buildActionMask = 2147483647;
			files = (
			);
			inputPaths = (
			);
			name = "[CP] Copy Pods Resources";
			outputPaths = (
			);
			runOnlyForDeploymentPostprocessing = 0;
			shellPath = /bin/sh;
			shellScript = "\"${SRCROOT}/Pods/Target Support Files/Pods-tumblrTests/Pods-tumblrTests-resources.sh\"\n";
			showEnvVarsInLog = 0;
		};
		EFDF4572A8919047FD7F22C8 /* [CP] Embed Pods Frameworks */ = {
			isa = PBXShellScriptBuildPhase;
			buildActionMask = 2147483647;
			files = (
			);
			inputPaths = (
			);
			name = "[CP] Embed Pods Frameworks";
			outputPaths = (
			);
			runOnlyForDeploymentPostprocessing = 0;
			shellPath = /bin/sh;
			shellScript = "\"${SRCROOT}/Pods/Target Support Files/Pods-tumblrUITests/Pods-tumblrUITests-frameworks.sh\"\n";
			showEnvVarsInLog = 0;
		};
		F382A7C0579DE4718D2F2BC1 /* [CP] Copy Pods Resources */ = {
			isa = PBXShellScriptBuildPhase;
			buildActionMask = 2147483647;
			files = (
			);
			inputPaths = (
			);
			name = "[CP] Copy Pods Resources";
			outputPaths = (
			);
			runOnlyForDeploymentPostprocessing = 0;
			shellPath = /bin/sh;
			shellScript = "\"${SRCROOT}/Pods/Target Support Files/Pods-tumblr/Pods-tumblr-resources.sh\"\n";
			showEnvVarsInLog = 0;
		};
/* End PBXShellScriptBuildPhase section */

/* Begin PBXSourcesBuildPhase section */
		19A3BE991FBFDF00005F5202 /* Sources */ = {
			isa = PBXSourcesBuildPhase;
			buildActionMask = 2147483647;
			files = (
				196900AD1FC0CCA6005B136F /* PhotoDetailsViewController.swift in Sources */,
				19A3BEA11FBFDF00005F5202 /* AppDelegate.swift in Sources */,
				19A3BED51FBFF0B5005F5202 /* tumblrTableViewCell.swift in Sources */,
				19A3BECF1FBFE6E5005F5202 /* PhotosViewController.swift in Sources */,
			);
			runOnlyForDeploymentPostprocessing = 0;
		};
		19A3BEAD1FBFDF00005F5202 /* Sources */ = {
			isa = PBXSourcesBuildPhase;
			buildActionMask = 2147483647;
			files = (
				19A3BEB61FBFDF00005F5202 /* tumblrTests.swift in Sources */,
			);
			runOnlyForDeploymentPostprocessing = 0;
		};
		19A3BEB81FBFDF00005F5202 /* Sources */ = {
			isa = PBXSourcesBuildPhase;
			buildActionMask = 2147483647;
			files = (
				19A3BEC11FBFDF00005F5202 /* tumblrUITests.swift in Sources */,
			);
			runOnlyForDeploymentPostprocessing = 0;
		};
/* End PBXSourcesBuildPhase section */

/* Begin PBXTargetDependency section */
		19A3BEB31FBFDF00005F5202 /* PBXTargetDependency */ = {
			isa = PBXTargetDependency;
			target = 19A3BE9C1FBFDF00005F5202 /* tumblr */;
			targetProxy = 19A3BEB21FBFDF00005F5202 /* PBXContainerItemProxy */;
		};
		19A3BEBE1FBFDF00005F5202 /* PBXTargetDependency */ = {
			isa = PBXTargetDependency;
			target = 19A3BE9C1FBFDF00005F5202 /* tumblr */;
			targetProxy = 19A3BEBD1FBFDF00005F5202 /* PBXContainerItemProxy */;
		};
/* End PBXTargetDependency section */

/* Begin PBXVariantGroup section */
		19A3BEA41FBFDF00005F5202 /* Main.storyboard */ = {
			isa = PBXVariantGroup;
			children = (
				19A3BEA51FBFDF00005F5202 /* Base */,
			);
			name = Main.storyboard;
			sourceTree = "<group>";
		};
		19A3BEA91FBFDF00005F5202 /* LaunchScreen.storyboard */ = {
			isa = PBXVariantGroup;
			children = (
				19A3BEAA1FBFDF00005F5202 /* Base */,
			);
			name = LaunchScreen.storyboard;
			sourceTree = "<group>";
		};
/* End PBXVariantGroup section */

/* Begin XCBuildConfiguration section */
		19A3BEC31FBFDF00005F5202 /* Debug */ = {
			isa = XCBuildConfiguration;
			buildSettings = {
				ALWAYS_SEARCH_USER_PATHS = NO;
				CLANG_ANALYZER_NONNULL = YES;
				CLANG_ANALYZER_NUMBER_OBJECT_CONVERSION = YES_AGGRESSIVE;
				CLANG_CXX_LANGUAGE_STANDARD = "gnu++14";
				CLANG_CXX_LIBRARY = "libc++";
				CLANG_ENABLE_MODULES = YES;
				CLANG_ENABLE_OBJC_ARC = YES;
				CLANG_WARN_BLOCK_CAPTURE_AUTORELEASING = YES;
				CLANG_WARN_BOOL_CONVERSION = YES;
				CLANG_WARN_COMMA = YES;
				CLANG_WARN_CONSTANT_CONVERSION = YES;
				CLANG_WARN_DIRECT_OBJC_ISA_USAGE = YES_ERROR;
				CLANG_WARN_DOCUMENTATION_COMMENTS = YES;
				CLANG_WARN_EMPTY_BODY = YES;
				CLANG_WARN_ENUM_CONVERSION = YES;
				CLANG_WARN_INFINITE_RECURSION = YES;
				CLANG_WARN_INT_CONVERSION = YES;
				CLANG_WARN_NON_LITERAL_NULL_CONVERSION = YES;
				CLANG_WARN_OBJC_LITERAL_CONVERSION = YES;
				CLANG_WARN_OBJC_ROOT_CLASS = YES_ERROR;
				CLANG_WARN_RANGE_LOOP_ANALYSIS = YES;
				CLANG_WARN_STRICT_PROTOTYPES = YES;
				CLANG_WARN_SUSPICIOUS_MOVE = YES;
				CLANG_WARN_UNGUARDED_AVAILABILITY = YES_AGGRESSIVE;
				CLANG_WARN_UNREACHABLE_CODE = YES;
				CLANG_WARN__DUPLICATE_METHOD_MATCH = YES;
				CODE_SIGN_IDENTITY = "iPhone Developer";
				COPY_PHASE_STRIP = NO;
				DEBUG_INFORMATION_FORMAT = dwarf;
				ENABLE_STRICT_OBJC_MSGSEND = YES;
				ENABLE_TESTABILITY = YES;
				GCC_C_LANGUAGE_STANDARD = gnu11;
				GCC_DYNAMIC_NO_PIC = NO;
				GCC_NO_COMMON_BLOCKS = YES;
				GCC_OPTIMIZATION_LEVEL = 0;
				GCC_PREPROCESSOR_DEFINITIONS = (
					"DEBUG=1",
					"$(inherited)",
				);
				GCC_WARN_64_TO_32_BIT_CONVERSION = YES;
				GCC_WARN_ABOUT_RETURN_TYPE = YES_ERROR;
				GCC_WARN_UNDECLARED_SELECTOR = YES;
				GCC_WARN_UNINITIALIZED_AUTOS = YES_AGGRESSIVE;
				GCC_WARN_UNUSED_FUNCTION = YES;
				GCC_WARN_UNUSED_VARIABLE = YES;
				IPHONEOS_DEPLOYMENT_TARGET = 11.1;
				MTL_ENABLE_DEBUG_INFO = YES;
				ONLY_ACTIVE_ARCH = YES;
				SDKROOT = iphoneos;
				SWIFT_ACTIVE_COMPILATION_CONDITIONS = DEBUG;
				SWIFT_OPTIMIZATION_LEVEL = "-Onone";
			};
			name = Debug;
		};
		19A3BEC41FBFDF00005F5202 /* Release */ = {
			isa = XCBuildConfiguration;
			buildSettings = {
				ALWAYS_SEARCH_USER_PATHS = NO;
				CLANG_ANALYZER_NONNULL = YES;
				CLANG_ANALYZER_NUMBER_OBJECT_CONVERSION = YES_AGGRESSIVE;
				CLANG_CXX_LANGUAGE_STANDARD = "gnu++14";
				CLANG_CXX_LIBRARY = "libc++";
				CLANG_ENABLE_MODULES = YES;
				CLANG_ENABLE_OBJC_ARC = YES;
				CLANG_WARN_BLOCK_CAPTURE_AUTORELEASING = YES;
				CLANG_WARN_BOOL_CONVERSION = YES;
				CLANG_WARN_COMMA = YES;
				CLANG_WARN_CONSTANT_CONVERSION = YES;
				CLANG_WARN_DIRECT_OBJC_ISA_USAGE = YES_ERROR;
				CLANG_WARN_DOCUMENTATION_COMMENTS = YES;
				CLANG_WARN_EMPTY_BODY = YES;
				CLANG_WARN_ENUM_CONVERSION = YES;
				CLANG_WARN_INFINITE_RECURSION = YES;
				CLANG_WARN_INT_CONVERSION = YES;
				CLANG_WARN_NON_LITERAL_NULL_CONVERSION = YES;
				CLANG_WARN_OBJC_LITERAL_CONVERSION = YES;
				CLANG_WARN_OBJC_ROOT_CLASS = YES_ERROR;
				CLANG_WARN_RANGE_LOOP_ANALYSIS = YES;
				CLANG_WARN_STRICT_PROTOTYPES = YES;
				CLANG_WARN_SUSPICIOUS_MOVE = YES;
				CLANG_WARN_UNGUARDED_AVAILABILITY = YES_AGGRESSIVE;
				CLANG_WARN_UNREACHABLE_CODE = YES;
				CLANG_WARN__DUPLICATE_METHOD_MATCH = YES;
				CODE_SIGN_IDENTITY = "iPhone Developer";
				COPY_PHASE_STRIP = NO;
				DEBUG_INFORMATION_FORMAT = "dwarf-with-dsym";
				ENABLE_NS_ASSERTIONS = NO;
				ENABLE_STRICT_OBJC_MSGSEND = YES;
				GCC_C_LANGUAGE_STANDARD = gnu11;
				GCC_NO_COMMON_BLOCKS = YES;
				GCC_WARN_64_TO_32_BIT_CONVERSION = YES;
				GCC_WARN_ABOUT_RETURN_TYPE = YES_ERROR;
				GCC_WARN_UNDECLARED_SELECTOR = YES;
				GCC_WARN_UNINITIALIZED_AUTOS = YES_AGGRESSIVE;
				GCC_WARN_UNUSED_FUNCTION = YES;
				GCC_WARN_UNUSED_VARIABLE = YES;
				IPHONEOS_DEPLOYMENT_TARGET = 11.1;
				MTL_ENABLE_DEBUG_INFO = NO;
				SDKROOT = iphoneos;
				SWIFT_OPTIMIZATION_LEVEL = "-Owholemodule";
				VALIDATE_PRODUCT = YES;
			};
			name = Release;
		};
		19A3BEC61FBFDF00005F5202 /* Debug */ = {
			isa = XCBuildConfiguration;
			baseConfigurationReference = 70A2A60EB944EB3E4723AC9D /* Pods-tumblr.debug.xcconfig */;
			buildSettings = {
				ASSETCATALOG_COMPILER_APPICON_NAME = AppIcon;
				CODE_SIGN_STYLE = Automatic;
				DEVELOPMENT_TEAM = JPLF4RZQB9;
				INFOPLIST_FILE = tumblr/Info.plist;
				LD_RUNPATH_SEARCH_PATHS = "$(inherited) @executable_path/Frameworks";
				PRODUCT_BUNDLE_IDENTIFIER = com.Malvern.tumblr;
				PRODUCT_NAME = "$(TARGET_NAME)";
				SWIFT_VERSION = 4.0;
				TARGETED_DEVICE_FAMILY = "1,2";
			};
			name = Debug;
		};
		19A3BEC71FBFDF00005F5202 /* Release */ = {
			isa = XCBuildConfiguration;
			baseConfigurationReference = ABF76C392018514DBE8DB345 /* Pods-tumblr.release.xcconfig */;
			buildSettings = {
				ASSETCATALOG_COMPILER_APPICON_NAME = AppIcon;
				CODE_SIGN_STYLE = Automatic;
				DEVELOPMENT_TEAM = JPLF4RZQB9;
				INFOPLIST_FILE = tumblr/Info.plist;
				LD_RUNPATH_SEARCH_PATHS = "$(inherited) @executable_path/Frameworks";
				PRODUCT_BUNDLE_IDENTIFIER = com.Malvern.tumblr;
				PRODUCT_NAME = "$(TARGET_NAME)";
				SWIFT_VERSION = 4.0;
				TARGETED_DEVICE_FAMILY = "1,2";
			};
			name = Release;
		};
		19A3BEC91FBFDF00005F5202 /* Debug */ = {
			isa = XCBuildConfiguration;
			baseConfigurationReference = 2399A011E3F58E8B9EEDCBC0 /* Pods-tumblrTests.debug.xcconfig */;
			buildSettings = {
				ALWAYS_EMBED_SWIFT_STANDARD_LIBRARIES = YES;
				BUNDLE_LOADER = "$(TEST_HOST)";
				CODE_SIGN_STYLE = Automatic;
				DEVELOPMENT_TEAM = JPLF4RZQB9;
				INFOPLIST_FILE = tumblrTests/Info.plist;
				LD_RUNPATH_SEARCH_PATHS = "$(inherited) @executable_path/Frameworks @loader_path/Frameworks";
				PRODUCT_BUNDLE_IDENTIFIER = com.Malvern.tumblrTests;
				PRODUCT_NAME = "$(TARGET_NAME)";
				SWIFT_VERSION = 4.0;
				TARGETED_DEVICE_FAMILY = "1,2";
				TEST_HOST = "$(BUILT_PRODUCTS_DIR)/tumblr.app/tumblr";
			};
			name = Debug;
		};
		19A3BECA1FBFDF00005F5202 /* Release */ = {
			isa = XCBuildConfiguration;
			baseConfigurationReference = E2906EA6FFF2B2209987C3F1 /* Pods-tumblrTests.release.xcconfig */;
			buildSettings = {
				ALWAYS_EMBED_SWIFT_STANDARD_LIBRARIES = YES;
				BUNDLE_LOADER = "$(TEST_HOST)";
				CODE_SIGN_STYLE = Automatic;
				DEVELOPMENT_TEAM = JPLF4RZQB9;
				INFOPLIST_FILE = tumblrTests/Info.plist;
				LD_RUNPATH_SEARCH_PATHS = "$(inherited) @executable_path/Frameworks @loader_path/Frameworks";
				PRODUCT_BUNDLE_IDENTIFIER = com.Malvern.tumblrTests;
				PRODUCT_NAME = "$(TARGET_NAME)";
				SWIFT_VERSION = 4.0;
				TARGETED_DEVICE_FAMILY = "1,2";
				TEST_HOST = "$(BUILT_PRODUCTS_DIR)/tumblr.app/tumblr";
			};
			name = Release;
		};
		19A3BECC1FBFDF00005F5202 /* Debug */ = {
			isa = XCBuildConfiguration;
			baseConfigurationReference = 80349B763CB57014587666FB /* Pods-tumblrUITests.debug.xcconfig */;
			buildSettings = {
				ALWAYS_EMBED_SWIFT_STANDARD_LIBRARIES = YES;
				CODE_SIGN_STYLE = Automatic;
				DEVELOPMENT_TEAM = JPLF4RZQB9;
				INFOPLIST_FILE = tumblrUITests/Info.plist;
				LD_RUNPATH_SEARCH_PATHS = "$(inherited) @executable_path/Frameworks @loader_path/Frameworks";
				PRODUCT_BUNDLE_IDENTIFIER = com.Malvern.tumblrUITests;
				PRODUCT_NAME = "$(TARGET_NAME)";
				SWIFT_VERSION = 4.0;
				TARGETED_DEVICE_FAMILY = "1,2";
				TEST_TARGET_NAME = tumblr;
			};
			name = Debug;
		};
		19A3BECD1FBFDF00005F5202 /* Release */ = {
			isa = XCBuildConfiguration;
			baseConfigurationReference = 2A93DFA4517F29D857E36915 /* Pods-tumblrUITests.release.xcconfig */;
			buildSettings = {
				ALWAYS_EMBED_SWIFT_STANDARD_LIBRARIES = YES;
				CODE_SIGN_STYLE = Automatic;
				DEVELOPMENT_TEAM = JPLF4RZQB9;
				INFOPLIST_FILE = tumblrUITests/Info.plist;
				LD_RUNPATH_SEARCH_PATHS = "$(inherited) @executable_path/Frameworks @loader_path/Frameworks";
				PRODUCT_BUNDLE_IDENTIFIER = com.Malvern.tumblrUITests;
				PRODUCT_NAME = "$(TARGET_NAME)";
				SWIFT_VERSION = 4.0;
				TARGETED_DEVICE_FAMILY = "1,2";
				TEST_TARGET_NAME = tumblr;
			};
			name = Release;
		};
/* End XCBuildConfiguration section */

/* Begin XCConfigurationList section */
		19A3BE981FBFDF00005F5202 /* Build configuration list for PBXProject "tumblr" */ = {
			isa = XCConfigurationList;
			buildConfigurations = (
				19A3BEC31FBFDF00005F5202 /* Debug */,
				19A3BEC41FBFDF00005F5202 /* Release */,
			);
			defaultConfigurationIsVisible = 0;
			defaultConfigurationName = Release;
		};
		19A3BEC51FBFDF00005F5202 /* Build configuration list for PBXNativeTarget "tumblr" */ = {
			isa = XCConfigurationList;
			buildConfigurations = (
				19A3BEC61FBFDF00005F5202 /* Debug */,
				19A3BEC71FBFDF00005F5202 /* Release */,
			);
			defaultConfigurationIsVisible = 0;
			defaultConfigurationName = Release;
		};
		19A3BEC81FBFDF00005F5202 /* Build configuration list for PBXNativeTarget "tumblrTests" */ = {
			isa = XCConfigurationList;
			buildConfigurations = (
				19A3BEC91FBFDF00005F5202 /* Debug */,
				19A3BECA1FBFDF00005F5202 /* Release */,
			);
			defaultConfigurationIsVisible = 0;
			defaultConfigurationName = Release;
		};
		19A3BECB1FBFDF00005F5202 /* Build configuration list for PBXNativeTarget "tumblrUITests" */ = {
			isa = XCConfigurationList;
			buildConfigurations = (
				19A3BECC1FBFDF00005F5202 /* Debug */,
				19A3BECD1FBFDF00005F5202 /* Release */,
			);
			defaultConfigurationIsVisible = 0;
			defaultConfigurationName = Release;
		};
/* End XCConfigurationList section */
	};
	rootObject = 19A3BE951FBFDF00005F5202 /* Project object */;
}
